
Microsoft Visual Studio Solution File, Format Version 12.00
# Visual Studio Version 16
VisualStudioVersion = 16.0.31410.357
MinimumVisualStudioVersion = 10.0.40219.1
Project("{9A19103F-16F7-4668-BE54-9A1E7A4F7556}") = "WebApi", "WebApi\WebApi.csproj", "{247B26B7-7AB0-4540-B40B-3ED505E93F95}"
EndProject
Project("{9A19103F-16F7-4668-BE54-9A1E7A4F7556}") = "Entities", "Entities\Entities.csproj", "{C76F5CDE-7447-4F31-BDF4-17DA759E2191}"
EndProject
Project("{9A19103F-16F7-4668-BE54-9A1E7A4F7556}") = "DataAccess", "DataAccess\DataAccess.csproj", "{10068FC3-46E3-4B03-9EBE-8E46CCAD3649}"
EndProject
Project("{9A19103F-16F7-4668-BE54-9A1E7A4F7556}") = "Services", "Services\Services.csproj", "{07348869-EB39-4DA4-BF41-339717186C35}"
EndProject
Project("{FAE04EC0-301F-11D3-BF4B-00C04F79EFBC}") = "DTOs", "DTOs\DTOs.csproj", "{749565DF-6401-4F88-BDFB-73D240715C56}"
EndProject
Global
	GlobalSection(SolutionConfigurationPlatforms) = preSolution
		Debug|Any CPU = Debug|Any CPU
		Release|Any CPU = Release|Any CPU
	EndGlobalSection
	GlobalSection(ProjectConfigurationPlatforms) = postSolution
		{247B26B7-7AB0-4540-B40B-3ED505E93F95}.Debug|Any CPU.ActiveCfg = Debug|Any CPU
		{247B26B7-7AB0-4540-B40B-3ED505E93F95}.Debug|Any CPU.Build.0 = Debug|Any CPU
		{247B26B7-7AB0-4540-B40B-3ED505E93F95}.Release|Any CPU.ActiveCfg = Release|Any CPU
		{247B26B7-7AB0-4540-B40B-3ED505E93F95}.Release|Any CPU.Build.0 = Release|Any CPU
		{C76F5CDE-7447-4F31-BDF4-17DA759E2191}.Debug|Any CPU.ActiveCfg = Debug|Any CPU
		{C76F5CDE-7447-4F31-BDF4-17DA759E2191}.Debug|Any CPU.Build.0 = Debug|Any CPU
		{C76F5CDE-7447-4F31-BDF4-17DA759E2191}.Release|Any CPU.ActiveCfg = Release|Any CPU
		{C76F5CDE-7447-4F31-BDF4-17DA759E2191}.Release|Any CPU.Build.0 = Release|Any CPU
		{10068FC3-46E3-4B03-9EBE-8E46CCAD3649}.Debug|Any CPU.ActiveCfg = Debug|Any CPU
		{10068FC3-46E3-4B03-9EBE-8E46CCAD3649}.Debug|Any CPU.Build.0 = Debug|Any CPU
		{10068FC3-46E3-4B03-9EBE-8E46CCAD3649}.Release|Any CPU.ActiveCfg = Release|Any CPU
		{10068FC3-46E3-4B03-9EBE-8E46CCAD3649}.Release|Any CPU.Build.0 = Release|Any CPU
		{07348869-EB39-4DA4-BF41-339717186C35}.Debug|Any CPU.ActiveCfg = Debug|Any CPU
		{07348869-EB39-4DA4-BF41-339717186C35}.Debug|Any CPU.Build.0 = Debug|Any CPU
		{07348869-EB39-4DA4-BF41-339717186C35}.Release|Any CPU.ActiveCfg = Release|Any CPU
		{07348869-EB39-4DA4-BF41-339717186C35}.Release|Any CPU.Build.0 = Release|Any CPU
		{749565DF-6401-4F88-BDFB-73D240715C56}.Debug|Any CPU.ActiveCfg = Debug|Any CPU
		{749565DF-6401-4F88-BDFB-73D240715C56}.Debug|Any CPU.Build.0 = Debug|Any CPU
		{749565DF-6401-4F88-BDFB-73D240715C56}.Release|Any CPU.ActiveCfg = Release|Any CPU
		{749565DF-6401-4F88-BDFB-73D240715C56}.Release|Any CPU.Build.0 = Release|Any CPU
	EndGlobalSection
	GlobalSection(SolutionProperties) = preSolution
		HideSolutionNode = FALSE
	EndGlobalSection
	GlobalSection(ExtensibilityGlobals) = postSolution
		SolutionGuid = {E83C2DF4-DA7B-4A27-AFCC-4CD5F49D88CC}
	EndGlobalSection
EndGlobal
